
Microsoft Visual Studio Solution File, Format Version 12.00
# Visual Studio 2012
Project("{FAE04EC0-301F-11D3-BF4B-00C04F79EFBC}") = "TR.Computation", "TR.Computation\TR.Computation.csproj", "{15B3E0D2-6217-493A-A690-158C497F5318}"
EndProject
Project("{FAE04EC0-301F-11D3-BF4B-00C04F79EFBC}") = "TR.Client", "TR.Client\TR.Client.csproj", "{146BD2F0-9491-4CFD-8310-C6DAAD22DEE7}"
EndProject
Project("{FAE04EC0-301F-11D3-BF4B-00C04F79EFBC}") = "TR.Server", "TR.Server\TR.Server.csproj", "{6DB31D6E-E5A1-4C3B-99BB-BDAF085D2F95}"
EndProject
Project("{FAE04EC0-301F-11D3-BF4B-00C04F79EFBC}") = "TR.Contracts", "TR.Contracts\TR.Contracts.csproj", "{1927447C-A93F-42FA-927F-4A59EB2BF0A8}"
EndProject
Project("{FAE04EC0-301F-11D3-BF4B-00C04F79EFBC}") = "TR.Computation.Tests", "TR.Computation.Tests\TR.Computation.Tests.csproj", "{D221B30A-2E06-4C76-BF63-6D2DCB86D44C}"
EndProject
Global
	GlobalSection(SolutionConfigurationPlatforms) = preSolution
		Debug|Any CPU = Debug|Any CPU
		Release|Any CPU = Release|Any CPU
	EndGlobalSection
	GlobalSection(ProjectConfigurationPlatforms) = postSolution
		{15B3E0D2-6217-493A-A690-158C497F5318}.Debug|Any CPU.ActiveCfg = Debug|Any CPU
		{15B3E0D2-6217-493A-A690-158C497F5318}.Debug|Any CPU.Build.0 = Debug|Any CPU
		{15B3E0D2-6217-493A-A690-158C497F5318}.Release|Any CPU.ActiveCfg = Release|Any CPU
		{15B3E0D2-6217-493A-A690-158C497F5318}.Release|Any CPU.Build.0 = Release|Any CPU
		{146BD2F0-9491-4CFD-8310-C6DAAD22DEE7}.Debug|Any CPU.ActiveCfg = Debug|Any CPU
		{146BD2F0-9491-4CFD-8310-C6DAAD22DEE7}.Debug|Any CPU.Build.0 = Debug|Any CPU
		{146BD2F0-9491-4CFD-8310-C6DAAD22DEE7}.Release|Any CPU.ActiveCfg = Release|Any CPU
		{146BD2F0-9491-4CFD-8310-C6DAAD22DEE7}.Release|Any CPU.Build.0 = Release|Any CPU
		{6DB31D6E-E5A1-4C3B-99BB-BDAF085D2F95}.Debug|Any CPU.ActiveCfg = Debug|Any CPU
		{6DB31D6E-E5A1-4C3B-99BB-BDAF085D2F95}.Debug|Any CPU.Build.0 = Debug|Any CPU
		{6DB31D6E-E5A1-4C3B-99BB-BDAF085D2F95}.Release|Any CPU.ActiveCfg = Release|Any CPU
		{6DB31D6E-E5A1-4C3B-99BB-BDAF085D2F95}.Release|Any CPU.Build.0 = Release|Any CPU
		{1927447C-A93F-42FA-927F-4A59EB2BF0A8}.Debug|Any CPU.ActiveCfg = Debug|Any CPU
		{1927447C-A93F-42FA-927F-4A59EB2BF0A8}.Debug|Any CPU.Build.0 = Debug|Any CPU
		{1927447C-A93F-42FA-927F-4A59EB2BF0A8}.Release|Any CPU.ActiveCfg = Release|Any CPU
		{1927447C-A93F-42FA-927F-4A59EB2BF0A8}.Release|Any CPU.Build.0 = Release|Any CPU
		{D221B30A-2E06-4C76-BF63-6D2DCB86D44C}.Debug|Any CPU.ActiveCfg = Debug|Any CPU
		{D221B30A-2E06-4C76-BF63-6D2DCB86D44C}.Debug|Any CPU.Build.0 = Debug|Any CPU
		{D221B30A-2E06-4C76-BF63-6D2DCB86D44C}.Release|Any CPU.ActiveCfg = Release|Any CPU
		{D221B30A-2E06-4C76-BF63-6D2DCB86D44C}.Release|Any CPU.Build.0 = Release|Any CPU
	EndGlobalSection
	GlobalSection(SolutionProperties) = preSolution
		HideSolutionNode = FALSE
	EndGlobalSection
EndGlobal
